
Microsoft Visual Studio Solution File, Format Version 12.00
# Visual Studio Version 16
VisualStudioVersion = 16.0.30503.244
MinimumVisualStudioVersion = 10.0.40219.1
Project("{9A19103F-16F7-4668-BE54-9A1E7A4F7556}") = "Ecommerce.Domain", "Ecommerce.Domain\Ecommerce.Domain.csproj", "{E03EBDDE-6D35-4A7A-B2FF-2EA4E70D3CAE}"
EndProject
Project("{9A19103F-16F7-4668-BE54-9A1E7A4F7556}") = "Ecommerce.Repository", "Ecommerce.Repository\Ecommerce.Repository.csproj", "{C2178058-7AEC-4755-AF2F-EB8658AFD0AD}"
EndProject
Project("{9A19103F-16F7-4668-BE54-9A1E7A4F7556}") = "Ecommerce.Service", "Ecommerce.Service\Ecommerce.Service.csproj", "{DDF09326-B29D-461A-BFF8-646D0E09EE51}"
EndProject
Project("{9A19103F-16F7-4668-BE54-9A1E7A4F7556}") = "Ecommerce.Admin", "EcommerceAdmin\Ecommerce.Admin.csproj", "{2D78FCC2-A77A-4C93-9438-2AA99F8B39D6}"
EndProject
Project("{FAE04EC0-301F-11D3-BF4B-00C04F79EFBC}") = "Ecommerce.Common", "Ecommerce.Common\Ecommerce.Common.csproj", "{D37D5DC3-EF6E-442A-98B0-4A5A56E572D5}"
EndProject
Project("{FAE04EC0-301F-11D3-BF4B-00C04F79EFBC}") = "Ecommerce.Web", "Ecommerce.Web\Ecommerce.Web.csproj", "{951E6D63-8381-4F38-BDDE-9544965FB9F2}"
EndProject
Global
	GlobalSection(SolutionConfigurationPlatforms) = preSolution
		Debug|Any CPU = Debug|Any CPU
		Release|Any CPU = Release|Any CPU
	EndGlobalSection
	GlobalSection(ProjectConfigurationPlatforms) = postSolution
		{E03EBDDE-6D35-4A7A-B2FF-2EA4E70D3CAE}.Debug|Any CPU.ActiveCfg = Debug|Any CPU
		{E03EBDDE-6D35-4A7A-B2FF-2EA4E70D3CAE}.Debug|Any CPU.Build.0 = Debug|Any CPU
		{E03EBDDE-6D35-4A7A-B2FF-2EA4E70D3CAE}.Release|Any CPU.ActiveCfg = Release|Any CPU
		{E03EBDDE-6D35-4A7A-B2FF-2EA4E70D3CAE}.Release|Any CPU.Build.0 = Release|Any CPU
		{C2178058-7AEC-4755-AF2F-EB8658AFD0AD}.Debug|Any CPU.ActiveCfg = Debug|Any CPU
		{C2178058-7AEC-4755-AF2F-EB8658AFD0AD}.Debug|Any CPU.Build.0 = Debug|Any CPU
		{C2178058-7AEC-4755-AF2F-EB8658AFD0AD}.Release|Any CPU.ActiveCfg = Release|Any CPU
		{C2178058-7AEC-4755-AF2F-EB8658AFD0AD}.Release|Any CPU.Build.0 = Release|Any CPU
		{DDF09326-B29D-461A-BFF8-646D0E09EE51}.Debug|Any CPU.ActiveCfg = Debug|Any CPU
		{DDF09326-B29D-461A-BFF8-646D0E09EE51}.Debug|Any CPU.Build.0 = Debug|Any CPU
		{DDF09326-B29D-461A-BFF8-646D0E09EE51}.Release|Any CPU.ActiveCfg = Release|Any CPU
		{DDF09326-B29D-461A-BFF8-646D0E09EE51}.Release|Any CPU.Build.0 = Release|Any CPU
		{2D78FCC2-A77A-4C93-9438-2AA99F8B39D6}.Debug|Any CPU.ActiveCfg = Debug|Any CPU
		{2D78FCC2-A77A-4C93-9438-2AA99F8B39D6}.Debug|Any CPU.Build.0 = Debug|Any CPU
		{2D78FCC2-A77A-4C93-9438-2AA99F8B39D6}.Release|Any CPU.ActiveCfg = Release|Any CPU
		{2D78FCC2-A77A-4C93-9438-2AA99F8B39D6}.Release|Any CPU.Build.0 = Release|Any CPU
		{D37D5DC3-EF6E-442A-98B0-4A5A56E572D5}.Debug|Any CPU.ActiveCfg = Debug|Any CPU
		{D37D5DC3-EF6E-442A-98B0-4A5A56E572D5}.Debug|Any CPU.Build.0 = Debug|Any CPU
		{D37D5DC3-EF6E-442A-98B0-4A5A56E572D5}.Release|Any CPU.ActiveCfg = Release|Any CPU
		{D37D5DC3-EF6E-442A-98B0-4A5A56E572D5}.Release|Any CPU.Build.0 = Release|Any CPU
		{951E6D63-8381-4F38-BDDE-9544965FB9F2}.Debug|Any CPU.ActiveCfg = Debug|Any CPU
		{951E6D63-8381-4F38-BDDE-9544965FB9F2}.Debug|Any CPU.Build.0 = Debug|Any CPU
		{951E6D63-8381-4F38-BDDE-9544965FB9F2}.Release|Any CPU.ActiveCfg = Release|Any CPU
		{951E6D63-8381-4F38-BDDE-9544965FB9F2}.Release|Any CPU.Build.0 = Release|Any CPU
	EndGlobalSection
	GlobalSection(SolutionProperties) = preSolution
		HideSolutionNode = FALSE
	EndGlobalSection
	GlobalSection(ExtensibilityGlobals) = postSolution
		SolutionGuid = {C11982DE-7143-4C19-87B0-22106BCFEB8C}
	EndGlobalSection
EndGlobal
